# THIS IS AN AUTOGENERATED FILE. DO NOT EDIT THIS FILE DIRECTLY.
# yarn lockfile v1


ansicolors@~0.2.1:
  version "0.2.1"
  resolved "https://registry.yarnpkg.com/ansicolors/-/ansicolors-0.2.1.tgz#be089599097b74a5c9c4a84a0cdbcdb62bd87aef"

async@0.2.x:
  version "0.2.10"
  resolved "https://registry.yarnpkg.com/async/-/async-0.2.10.tgz#b6bbe0b0674b9d719708ca38de8c237cb526c3d1"

bindings@1.2.x:
  version "1.2.1"
  resolved "https://registry.yarnpkg.com/bindings/-/bindings-1.2.1.tgz#14ad6113812d2d37d72e67b4cacb4bb726505f11"

bootstrap-for-vue@^0.1.9:
  version "0.1.9"
  resolved "https://registry.yarnpkg.com/bootstrap-for-vue/-/bootstrap-for-vue-0.1.9.tgz#7252dcbf9cee9eacda66e3dc27b41b219345043f"
  dependencies:
    lodash.debounce "^4.0.8"
    lodash.throttle "^4.1.1"
    sifter "^0.5.2"

bootstrap@^4.0.0-alpha.6:
  version "4.0.0-alpha.6"
  resolved "https://registry.yarnpkg.com/bootstrap/-/bootstrap-4.0.0-alpha.6.tgz#4f54dd33ac0deac3b28407bc2df7ec608869c9c8"
  dependencies:
    jquery ">=1.9.1"
    tether "^1.4.0"

cardinal@0.4.x:
  version "0.4.4"
  resolved "https://registry.yarnpkg.com/cardinal/-/cardinal-0.4.4.tgz#ca5bb68a5b511b90fe93b9acea49bdee5c32bfe2"
  dependencies:
    ansicolors "~0.2.1"
    redeyed "~0.4.0"

copy-to-clipboard@^3.0.5:
  version "3.0.5"
  resolved "https://registry.yarnpkg.com/copy-to-clipboard/-/copy-to-clipboard-3.0.5.tgz#4cd40e7c2ee159bc72d4f06b5bec8f9e0a1a3442"
  dependencies:
    toggle-selection "^1.0.3"

csv-parse@^1.1.7:
  version "1.2.0"
  resolved "https://registry.yarnpkg.com/csv-parse/-/csv-parse-1.2.0.tgz#047b73868ab9a85746e885f637f9ed0fb645a425"

esprima@~1.0.4:
  version "1.0.4"
  resolved "https://registry.yarnpkg.com/esprima/-/esprima-1.0.4.tgz#9f557e08fc3b4d26ece9dd34f8fbf476b62585ad"

humanize@0.0.x:
  version "0.0.9"
  resolved "https://registry.yarnpkg.com/humanize/-/humanize-0.0.9.tgz#1994ffaecdfe9c441ed2bdac7452b7bb4c9e41a4"

jquery@>=1.9.1:
  version "3.1.1"
  resolved "https://registry.yarnpkg.com/jquery/-/jquery-3.1.1.tgz#347c1c21c7e004115e0a4da32cece041fad3c8a3"

lodash.debounce@^4.0.8:
  version "4.0.8"
  resolved "https://registry.yarnpkg.com/lodash.debounce/-/lodash.debounce-4.0.8.tgz#82d79bff30a67c4005ffd5e2515300ad9ca4d7af"

lodash.throttle@^4.1.1:
  version "4.1.1"
  resolved "https://registry.yarnpkg.com/lodash.throttle/-/lodash.throttle-4.1.1.tgz#c23e91b710242ac70c37f1e1cda9274cc39bf2f4"

marked@^0.3.6:
  version "0.3.6"
  resolved "https://registry.yarnpkg.com/marked/-/marked-0.3.6.tgz#b2c6c618fccece4ef86c4fc6cb8a7cbf5aeda8d7"

microtime@^2.1.0:
  version "2.1.2"
  resolved "https://registry.yarnpkg.com/microtime/-/microtime-2.1.2.tgz#9c955d0781961ab13a1b6f9a82b080f5d7ecd83b"
  dependencies:
    bindings "1.2.x"
    nan "2.4.x"

minimist@~0.0.1:
  version "0.0.10"
  resolved "https://registry.yarnpkg.com/minimist/-/minimist-0.0.10.tgz#de3f98543dbf96082be48ad1a0c7cda836301dcf"

nan@2.4.x:
  version "2.4.0"
  resolved "https://registry.yarnpkg.com/nan/-/nan-2.4.0.tgz#fb3c59d45fe4effe215f0b890f8adf6eb32d2232"

optimist@0.6.x:
  version "0.6.1"
  resolved "https://registry.yarnpkg.com/optimist/-/optimist-0.6.1.tgz#da3ea74686fa21a19a111c326e90eb15a0196686"
  dependencies:
    minimist "~0.0.1"
    wordwrap "~0.0.2"

redeyed@~0.4.0:
  version "0.4.4"
  resolved "https://registry.yarnpkg.com/redeyed/-/redeyed-0.4.4.tgz#37e990a6f2b21b2a11c2e6a48fd4135698cba97f"
  dependencies:
    esprima "~1.0.4"

sifter@^0.5.2:
  version "0.5.2"
  resolved "https://registry.yarnpkg.com/sifter/-/sifter-0.5.2.tgz#4702e3cee3036903da1f194b29e6dc7a4fb59abe"
  dependencies:
    async "0.2.x"
    cardinal "0.4.x"
    csv-parse "^1.1.7"
    humanize "0.0.x"
    optimist "0.6.x"
  optionalDependencies:
    microtime "^2.1.0"

tether@^1.4.0:
  version "1.4.0"
  resolved "https://registry.yarnpkg.com/tether/-/tether-1.4.0.tgz#0f9fa171f75bf58485d8149e94799d7ae74d1c1a"

toggle-selection@^1.0.3:
  version "1.0.5"
  resolved "https://registry.yarnpkg.com/toggle-selection/-/toggle-selection-1.0.5.tgz#726c703de607193a73c32c7df49cd24950fc574f"

wordwrap@~0.0.2:
  version "0.0.3"
  resolved "https://registry.yarnpkg.com/wordwrap/-/wordwrap-0.0.3.tgz#a3d5da6cd5c0bc0008d37234bbaf1bed63059107"
